
Microsoft Visual Studio Solution File, Format Version 12.00
# Visual Studio Version 17
VisualStudioVersion = 17.7.34031.279
MinimumVisualStudioVersion = 10.0.40219.1
Project("{FAE04EC0-301F-11D3-BF4B-00C04F79EFBC}") = "SpellCastCheat_Console", "SpellCastCheat_Console\SpellCastCheat_Console.csproj", "{7B377DF4-A47F-4AD6-9CA9-A58CB3AE23A1}"
EndProject
Global
	GlobalSection(SolutionConfigurationPlatforms) = preSolution
		Debug|Any CPU = Debug|Any CPU
		Release|Any CPU = Release|Any CPU
	EndGlobalSection
	GlobalSection(ProjectConfigurationPlatforms) = postSolution
		{7B377DF4-A47F-4AD6-9CA9-A58CB3AE23A1}.Debug|Any CPU.ActiveCfg = Debug|Any CPU
		{7B377DF4-A47F-4AD6-9CA9-A58CB3AE23A1}.Debug|Any CPU.Build.0 = Debug|Any CPU
		{7B377DF4-A47F-4AD6-9CA9-A58CB3AE23A1}.Release|Any CPU.ActiveCfg = Release|Any CPU
		{7B377DF4-A47F-4AD6-9CA9-A58CB3AE23A1}.Release|Any CPU.Build.0 = Release|Any CPU
	EndGlobalSection
	GlobalSection(SolutionProperties) = preSolution
		HideSolutionNode = FALSE
	EndGlobalSection
	GlobalSection(ExtensibilityGlobals) = postSolution
		SolutionGuid = {B4AFF8BE-72EF-40CC-99F7-77102888B36D}
	EndGlobalSection
EndGlobal
